
Microsoft Visual Studio Solution File, Format Version 12.00
# Visual Studio Version 17
VisualStudioVersion = 17.12.35728.132
MinimumVisualStudioVersion = 10.0.40219.1
Project("{FAE04EC0-301F-11D3-BF4B-00C04F79EFBC}") = "MultApps.Windows", "MultApps.Windows\MultApps.Windows.csproj", "{01CD2565-CF8F-4CD5-B1CC-7040E65E260F}"
EndProject
Project("{2150E333-8FDC-42A3-9474-1A3956D46DE8}") = "CONTROLLER", "CONTROLLER", "{BBF97020-843C-498A-8FAF-53B4F3065AD2}"
EndProject
Project("{2150E333-8FDC-42A3-9474-1A3956D46DE8}") = "MODEL", "MODEL", "{06CD300B-4CBD-4766-AFED-B1C650774901}"
EndProject
Project("{2150E333-8FDC-42A3-9474-1A3956D46DE8}") = "VIEW", "VIEW", "{63565D0F-3326-42A2-90CA-46FC56E451C9}"
EndProject
Project("{FAE04EC0-301F-11D3-BF4B-00C04F79EFBC}") = "MultApps.Models", "MultApps.Models\MultApps.Models.csproj", "{447BF2D2-E338-4115-B421-0D9841D601F4}"
EndProject
Project("{FAE04EC0-301F-11D3-BF4B-00C04F79EFBC}") = "MultApps.Controller", "MultApps.Controller\MultApps.Controller.csproj", "{44A0225F-0218-4B4F-AC4C-A49F8B734E78}"
EndProject
Global
	GlobalSection(SolutionConfigurationPlatforms) = preSolution
		Debug|Any CPU = Debug|Any CPU
		Release|Any CPU = Release|Any CPU
	EndGlobalSection
	GlobalSection(ProjectConfigurationPlatforms) = postSolution
		{01CD2565-CF8F-4CD5-B1CC-7040E65E260F}.Debug|Any CPU.ActiveCfg = Debug|Any CPU
		{01CD2565-CF8F-4CD5-B1CC-7040E65E260F}.Debug|Any CPU.Build.0 = Debug|Any CPU
		{01CD2565-CF8F-4CD5-B1CC-7040E65E260F}.Release|Any CPU.ActiveCfg = Release|Any CPU
		{01CD2565-CF8F-4CD5-B1CC-7040E65E260F}.Release|Any CPU.Build.0 = Release|Any CPU
		{447BF2D2-E338-4115-B421-0D9841D601F4}.Debug|Any CPU.ActiveCfg = Debug|Any CPU
		{447BF2D2-E338-4115-B421-0D9841D601F4}.Debug|Any CPU.Build.0 = Debug|Any CPU
		{447BF2D2-E338-4115-B421-0D9841D601F4}.Release|Any CPU.ActiveCfg = Release|Any CPU
		{447BF2D2-E338-4115-B421-0D9841D601F4}.Release|Any CPU.Build.0 = Release|Any CPU
		{44A0225F-0218-4B4F-AC4C-A49F8B734E78}.Debug|Any CPU.ActiveCfg = Debug|Any CPU
		{44A0225F-0218-4B4F-AC4C-A49F8B734E78}.Debug|Any CPU.Build.0 = Debug|Any CPU
		{44A0225F-0218-4B4F-AC4C-A49F8B734E78}.Release|Any CPU.ActiveCfg = Release|Any CPU
		{44A0225F-0218-4B4F-AC4C-A49F8B734E78}.Release|Any CPU.Build.0 = Release|Any CPU
	EndGlobalSection
	GlobalSection(SolutionProperties) = preSolution
		HideSolutionNode = FALSE
	EndGlobalSection
	GlobalSection(NestedProjects) = preSolution
		{01CD2565-CF8F-4CD5-B1CC-7040E65E260F} = {63565D0F-3326-42A2-90CA-46FC56E451C9}
		{447BF2D2-E338-4115-B421-0D9841D601F4} = {06CD300B-4CBD-4766-AFED-B1C650774901}
		{44A0225F-0218-4B4F-AC4C-A49F8B734E78} = {BBF97020-843C-498A-8FAF-53B4F3065AD2}
	EndGlobalSection
	GlobalSection(ExtensibilityGlobals) = postSolution
		SolutionGuid = {9B18794C-DED8-471A-AFEC-9E82C57442F6}
	EndGlobalSection
EndGlobal
